github.com/ibmdb/go_ibm_db v0.4.1 h1:IYZqoKTzD9xtkzLIkp8u6zzg7/4v7nFOfHzF79agvak=
github.com/ibmdb/go_ibm_db v0.4.1/go.mod h1:nl5aUh1IzBVExcqYXaZLApaq8RUvTEph3VP49UTmEvg=
golang.org/x/text v0.4.0 h1:BrVqGRd7+k1DiOgtnFvAkoQEWQvBc25ouMJM6429SFg=
golang.org/x/text v0.4.0/go.mod h1:mrYo+phRRbMaCq/xk9113O4dZlRixOauAjOtrjsXDZ8=
gopkg.in/ini.v1 v1.67.0 h1:Dgnx+6+nfE+IfzjUEISNeydPJh9AXNNsWbGP9KzCsOA=
gopkg.in/ini.v1 v1.67.0/go.mod h1:pNLf8WUiyNEtQjuu5G5vTm06TEv9tsIgeAvK8hOrP4k=
